// !$*UTF8*$!
{
	archiveVersion = 1;
	classes = {
	};
	objectVersion = 48;
	objects = {

/* Begin PBXBuildFile section */
		28177E1120E9C7AA009F21FE /* Template.json in Resources */ = {isa = PBXBuildFile; fileRef = 28177E1020E9C7AA009F21FE /* Template.json */; };
		282EA22E20BCFBC60085514C /* NewViewController.swift in Sources */ = {isa = PBXBuildFile; fileRef = 282EA22D20BCFBC60085514C /* NewViewController.swift */; };
		282EA23020BCFC2E0085514C /* UPCarouselFlowLayout.swift in Sources */ = {isa = PBXBuildFile; fileRef = 282EA22F20BCFC2E0085514C /* UPCarouselFlowLayout.swift */; };
		2849A02D20BE8FD80097EB85 /* CardCell.swift in Sources */ = {isa = PBXBuildFile; fileRef = 2849A02C20BE8FD80097EB85 /* CardCell.swift */; };
		286C7E7320BD1A0B00EF064A /* InformationView.swift in Sources */ = {isa = PBXBuildFile; fileRef = 286C7E7220BD1A0B00EF064A /* InformationView.swift */; };
		286C7E7520BD461300EF064A /* Extensions.swift in Sources */ = {isa = PBXBuildFile; fileRef = 286C7E7420BD461300EF064A /* Extensions.swift */; };
		2880791420E6237500A0FFC1 /* ProgressView.swift in Sources */ = {isa = PBXBuildFile; fileRef = 2880791320E6237500A0FFC1 /* ProgressView.swift */; };
		28B0D84420BBEAE4003BAE81 /* AppDelegate.swift in Sources */ = {isa = PBXBuildFile; fileRef = 28B0D84320BBEAE4003BAE81 /* AppDelegate.swift */; };
		28B0D84E20BBEAE4003BAE81 /* Assets.xcassets in Resources */ = {isa = PBXBuildFile; fileRef = 28B0D84D20BBEAE4003BAE81 /* Assets.xcassets */; };
		28B0D85120BBEAE4003BAE81 /* LaunchScreen.storyboard in Resources */ = {isa = PBXBuildFile; fileRef = 28B0D84F20BBEAE4003BAE81 /* LaunchScreen.storyboard */; };
		28B0D85D20BBFFEC003BAE81 /* Card.swift in Sources */ = {isa = PBXBuildFile; fileRef = 28B0D85C20BBFFEC003BAE81 /* Card.swift */; };
		28B0D86020BC0608003BAE81 /* Default.json in Resources */ = {isa = PBXBuildFile; fileRef = 28B0D85F20BC0608003BAE81 /* Default.json */; };
		28BB5B8820C29F5F00404C77 /* MenuViewController.swift in Sources */ = {isa = PBXBuildFile; fileRef = 28BB5B8720C29F5F00404C77 /* MenuViewController.swift */; };
		28BB5B8A20C2A2F100404C77 /* RelativeLayoutUtility.swift in Sources */ = {isa = PBXBuildFile; fileRef = 28BB5B8920C2A2F100404C77 /* RelativeLayoutUtility.swift */; };
		28E349ED20E912F9004775E9 /* RuleCell.swift in Sources */ = {isa = PBXBuildFile; fileRef = 28E349EC20E912F9004775E9 /* RuleCell.swift */; };
		28E5FC2A20E7C129000006FD /* CreateViewController.swift in Sources */ = {isa = PBXBuildFile; fileRef = 28E5FC2920E7C129000006FD /* CreateViewController.swift */; };
/* End PBXBuildFile section */

/* Begin PBXFileReference section */
		28177E1020E9C7AA009F21FE /* Template.json */ = {isa = PBXFileReference; lastKnownFileType = text.json; path = Template.json; sourceTree = "<group>"; };
		282EA22D20BCFBC60085514C /* NewViewController.swift */ = {isa = PBXFileReference; lastKnownFileType = sourcecode.swift; path = NewViewController.swift; sourceTree = "<group>"; };
		282EA22F20BCFC2E0085514C /* UPCarouselFlowLayout.swift */ = {isa = PBXFileReference; lastKnownFileType = sourcecode.swift; path = UPCarouselFlowLayout.swift; sourceTree = "<group>"; };
		2849A02C20BE8FD80097EB85 /* CardCell.swift */ = {isa = PBXFileReference; lastKnownFileType = sourcecode.swift; path = CardCell.swift; sourceTree = "<group>"; };
		286C7E7220BD1A0B00EF064A /* InformationView.swift */ = {isa = PBXFileReference; lastKnownFileType = sourcecode.swift; path = InformationView.swift; sourceTree = "<group>"; };
		286C7E7420BD461300EF064A /* Extensions.swift */ = {isa = PBXFileReference; lastKnownFileType = sourcecode.swift; path = Extensions.swift; sourceTree = "<group>"; };
		286C7E7720BD4FA300EF064A /* Comfortaa-Bold.ttf */ = {isa = PBXFileReference; lastKnownFileType = file; name = "Comfortaa-Bold.ttf"; path = "../../../../Documents/Fonts/comfortaa/Comfortaa-Bold.ttf"; sourceTree = "<group>"; };
		286C7E7820BD4FA300EF064A /* Comfortaa-Light.ttf */ = {isa = PBXFileReference; lastKnownFileType = file; name = "Comfortaa-Light.ttf"; path = "../../../../Documents/Fonts/comfortaa/Comfortaa-Light.ttf"; sourceTree = "<group>"; };
		286C7E7920BD4FA400EF064A /* Comfortaa-Regular.ttf */ = {isa = PBXFileReference; lastKnownFileType = file; name = "Comfortaa-Regular.ttf"; path = "../../../../Documents/Fonts/comfortaa/Comfortaa-Regular.ttf"; sourceTree = "<group>"; };
		2880791320E6237500A0FFC1 /* ProgressView.swift */ = {isa = PBXFileReference; lastKnownFileType = sourcecode.swift; path = ProgressView.swift; sourceTree = "<group>"; };
		28B0D84020BBEAE4003BAE81 /* Chalice.app */ = {isa = PBXFileReference; explicitFileType = wrapper.application; includeInIndex = 0; path = Chalice.app; sourceTree = BUILT_PRODUCTS_DIR; };
		28B0D84320BBEAE4003BAE81 /* AppDelegate.swift */ = {isa = PBXFileReference; lastKnownFileType = sourcecode.swift; path = AppDelegate.swift; sourceTree = "<group>"; };
		28B0D84D20BBEAE4003BAE81 /* Assets.xcassets */ = {isa = PBXFileReference; lastKnownFileType = folder.assetcatalog; path = Assets.xcassets; sourceTree = "<group>"; };
		28B0D85020BBEAE4003BAE81 /* Base */ = {isa = PBXFileReference; lastKnownFileType = file.storyboard; name = Base; path = Base.lproj/LaunchScreen.storyboard; sourceTree = "<group>"; };
		28B0D85220BBEAE4003BAE81 /* Info.plist */ = {isa = PBXFileReference; lastKnownFileType = text.plist.xml; path = Info.plist; sourceTree = "<group>"; };
		28B0D85C20BBFFEC003BAE81 /* Card.swift */ = {isa = PBXFileReference; lastKnownFileType = sourcecode.swift; path = Card.swift; sourceTree = "<group>"; };
		28B0D85F20BC0608003BAE81 /* Default.json */ = {isa = PBXFileReference; fileEncoding = 4; lastKnownFileType = text.json; name = Default.json; path = ../../../Desktop/Default.json; sourceTree = "<group>"; };
		28BB5B8720C29F5F00404C77 /* MenuViewController.swift */ = {isa = PBXFileReference; lastKnownFileType = sourcecode.swift; path = MenuViewController.swift; sourceTree = "<group>"; };
		28BB5B8920C2A2F100404C77 /* RelativeLayoutUtility.swift */ = {isa = PBXFileReference; lastKnownFileType = sourcecode.swift; path = RelativeLayoutUtility.swift; sourceTree = "<group>"; };
		28E349EC20E912F9004775E9 /* RuleCell.swift */ = {isa = PBXFileReference; lastKnownFileType = sourcecode.swift; path = RuleCell.swift; sourceTree = "<group>"; };
		28E5FC2920E7C129000006FD /* CreateViewController.swift */ = {isa = PBXFileReference; lastKnownFileType = sourcecode.swift; path = CreateViewController.swift; sourceTree = "<group>"; };
/* End PBXFileReference section */

/* Begin PBXFrameworksBuildPhase section */
		28B0D83D20BBEAE4003BAE81 /* Frameworks */ = {
			isa = PBXFrameworksBuildPhase;
			buildActionMask = 2147483647;
			files = (
			);
			runOnlyForDeploymentPostprocessing = 0;
		};
/* End PBXFrameworksBuildPhase section */

/* Begin PBXGroup section */
		286C7E7620BD4F8E00EF064A /* Fonts */ = {
			isa = PBXGroup;
			children = (
				286C7E7720BD4FA300EF064A /* Comfortaa-Bold.ttf */,
				286C7E7820BD4FA300EF064A /* Comfortaa-Light.ttf */,
				286C7E7920BD4FA400EF064A /* Comfortaa-Regular.ttf */,
			);
			path = Fonts;
			sourceTree = "<group>";
		};
		28B0D83720BBEAE4003BAE81 = {
			isa = PBXGroup;
			children = (
				28B0D84220BBEAE4003BAE81 /* Chalice */,
				28B0D84120BBEAE4003BAE81 /* Products */,
			);
			sourceTree = "<group>";
		};
		28B0D84120BBEAE4003BAE81 /* Products */ = {
			isa = PBXGroup;
			children = (
				28B0D84020BBEAE4003BAE81 /* Chalice.app */,
			);
			name = Products;
			sourceTree = "<group>";
		};
		28B0D84220BBEAE4003BAE81 /* Chalice */ = {
			isa = PBXGroup;
			children = (
				28BB5B8B20C2A3E900404C77 /* SupportFiles */,
				286C7E7620BD4F8E00EF064A /* Fonts */,
				28B0D86220BC3927003BAE81 /* Controller */,
				28B0D86120BC3921003BAE81 /* View */,
				28B0D85B20BBFFDF003BAE81 /* Model */,
				28B0D85F20BC0608003BAE81 /* Default.json */,
				28177E1020E9C7AA009F21FE /* Template.json */,
				28B0D84D20BBEAE4003BAE81 /* Assets.xcassets */,
				28B0D84F20BBEAE4003BAE81 /* LaunchScreen.storyboard */,
				28B0D85220BBEAE4003BAE81 /* Info.plist */,
			);
			path = Chalice;
			sourceTree = "<group>";
		};
		28B0D85B20BBFFDF003BAE81 /* Model */ = {
			isa = PBXGroup;
			children = (
				28B0D85C20BBFFEC003BAE81 /* Card.swift */,
			);
			path = Model;
			sourceTree = "<group>";
		};
		28B0D86120BC3921003BAE81 /* View */ = {
			isa = PBXGroup;
			children = (
				282EA22F20BCFC2E0085514C /* UPCarouselFlowLayout.swift */,
				286C7E7220BD1A0B00EF064A /* InformationView.swift */,
				2849A02C20BE8FD80097EB85 /* CardCell.swift */,
				2880791320E6237500A0FFC1 /* ProgressView.swift */,
				28E349EC20E912F9004775E9 /* RuleCell.swift */,
			);
			path = View;
			sourceTree = "<group>";
		};
		28B0D86220BC3927003BAE81 /* Controller */ = {
			isa = PBXGroup;
			children = (
				282EA22D20BCFBC60085514C /* NewViewController.swift */,
				28BB5B8720C29F5F00404C77 /* MenuViewController.swift */,
				28E5FC2920E7C129000006FD /* CreateViewController.swift */,
			);
			path = Controller;
			sourceTree = "<group>";
		};
		28BB5B8B20C2A3E900404C77 /* SupportFiles */ = {
			isa = PBXGroup;
			children = (
				28B0D84320BBEAE4003BAE81 /* AppDelegate.swift */,
				286C7E7420BD461300EF064A /* Extensions.swift */,
				28BB5B8920C2A2F100404C77 /* RelativeLayoutUtility.swift */,
			);
			path = SupportFiles;
			sourceTree = "<group>";
		};
/* End PBXGroup section */

/* Begin PBXNativeTarget section */
		28B0D83F20BBEAE4003BAE81 /* Chalice */ = {
			isa = PBXNativeTarget;
			buildConfigurationList = 28B0D85520BBEAE4003BAE81 /* Build configuration list for PBXNativeTarget "Chalice" */;
			buildPhases = (
				28B0D83C20BBEAE4003BAE81 /* Sources */,
				28B0D83D20BBEAE4003BAE81 /* Frameworks */,
				28B0D83E20BBEAE4003BAE81 /* Resources */,
			);
			buildRules = (
			);
			dependencies = (
			);
			name = Chalice;
			productName = Overfloweth;
			productReference = 28B0D84020BBEAE4003BAE81 /* Chalice.app */;
			productType = "com.apple.product-type.application";
		};
/* End PBXNativeTarget section */

/* Begin PBXProject section */
		28B0D83820BBEAE4003BAE81 /* Project object */ = {
			isa = PBXProject;
			attributes = {
				LastSwiftUpdateCheck = 0920;
				LastUpgradeCheck = 0920;
				ORGANIZATIONNAME = "Shaun Anderson";
				TargetAttributes = {
					28B0D83F20BBEAE4003BAE81 = {
						CreatedOnToolsVersion = 9.2;
						ProvisioningStyle = Automatic;
					};
				};
			};
			buildConfigurationList = 28B0D83B20BBEAE4003BAE81 /* Build configuration list for PBXProject "Chalice" */;
			compatibilityVersion = "Xcode 8.0";
			developmentRegion = en;
			hasScannedForEncodings = 0;
			knownRegions = (
				en,
				Base,
			);
			mainGroup = 28B0D83720BBEAE4003BAE81;
			productRefGroup = 28B0D84120BBEAE4003BAE81 /* Products */;
			projectDirPath = "";
			projectRoot = "";
			targets = (
				28B0D83F20BBEAE4003BAE81 /* Chalice */,
			);
		};
/* End PBXProject section */

/* Begin PBXResourcesBuildPhase section */
		28B0D83E20BBEAE4003BAE81 /* Resources */ = {
			isa = PBXResourcesBuildPhase;
			buildActionMask = 2147483647;
			files = (
				28177E1120E9C7AA009F21FE /* Template.json in Resources */,
				28B0D85120BBEAE4003BAE81 /* LaunchScreen.storyboard in Resources */,
				28B0D84E20BBEAE4003BAE81 /* Assets.xcassets in Resources */,
				28B0D86020BC0608003BAE81 /* Default.json in Resources */,
			);
			runOnlyForDeploymentPostprocessing = 0;
		};
/* End PBXResourcesBuildPhase section */

/* Begin PBXSourcesBuildPhase section */
		28B0D83C20BBEAE4003BAE81 /* Sources */ = {
			isa = PBXSourcesBuildPhase;
			buildActionMask = 2147483647;
			files = (
				28E5FC2A20E7C129000006FD /* CreateViewController.swift in Sources */,
				28E349ED20E912F9004775E9 /* RuleCell.swift in Sources */,
				2849A02D20BE8FD80097EB85 /* CardCell.swift in Sources */,
				286C7E7320BD1A0B00EF064A /* InformationView.swift in Sources */,
				28B0D84420BBEAE4003BAE81 /* AppDelegate.swift in Sources */,
				286C7E7520BD461300EF064A /* Extensions.swift in Sources */,
				28BB5B8A20C2A2F100404C77 /* RelativeLayoutUtility.swift in Sources */,
				282EA23020BCFC2E0085514C /* UPCarouselFlowLayout.swift in Sources */,
				282EA22E20BCFBC60085514C /* NewViewController.swift in Sources */,
				2880791420E6237500A0FFC1 /* ProgressView.swift in Sources */,
				28B0D85D20BBFFEC003BAE81 /* Card.swift in Sources */,
				28BB5B8820C29F5F00404C77 /* MenuViewController.swift in Sources */,
			);
			runOnlyForDeploymentPostprocessing = 0;
		};
/* End PBXSourcesBuildPhase section */

/* Begin PBXVariantGroup section */
		28B0D84F20BBEAE4003BAE81 /* LaunchScreen.storyboard */ = {
			isa = PBXVariantGroup;
			children = (
				28B0D85020BBEAE4003BAE81 /* Base */,
			);
			name = LaunchScreen.storyboard;
			sourceTree = "<group>";
		};
/* End PBXVariantGroup section */

/* Begin XCBuildConfiguration section */
		28B0D85320BBEAE4003BAE81 /* Debug */ = {
			isa = XCBuildConfiguration;
			buildSettings = {
				ALWAYS_SEARCH_USER_PATHS = NO;
				CLANG_ANALYZER_NONNULL = YES;
				CLANG_ANALYZER_NUMBER_OBJECT_CONVERSION = YES_AGGRESSIVE;
				CLANG_CXX_LANGUAGE_STANDARD = "gnu++14";
				CLANG_CXX_LIBRARY = "libc++";
				CLANG_ENABLE_MODULES = YES;
				CLANG_ENABLE_OBJC_ARC = YES;
				CLANG_WARN_BLOCK_CAPTURE_AUTORELEASING = YES;
				CLANG_WARN_BOOL_CONVERSION = YES;
				CLANG_WARN_COMMA = YES;
				CLANG_WARN_CONSTANT_CONVERSION = YES;
				CLANG_WARN_DIRECT_OBJC_ISA_USAGE = YES_ERROR;
				CLANG_WARN_DOCUMENTATION_COMMENTS = YES;
				CLANG_WARN_EMPTY_BODY = YES;
				CLANG_WARN_ENUM_CONVERSION = YES;
				CLANG_WARN_INFINITE_RECURSION = YES;
				CLANG_WARN_INT_CONVERSION = YES;
				CLANG_WARN_NON_LITERAL_NULL_CONVERSION = YES;
				CLANG_WARN_OBJC_LITERAL_CONVERSION = YES;
				CLANG_WARN_OBJC_ROOT_CLASS = YES_ERROR;
				CLANG_WARN_RANGE_LOOP_ANALYSIS = YES;
				CLANG_WARN_STRICT_PROTOTYPES = YES;
				CLANG_WARN_SUSPICIOUS_MOVE = YES;
				CLANG_WARN_UNGUARDED_AVAILABILITY = YES_AGGRESSIVE;
				CLANG_WARN_UNREACHABLE_CODE = YES;
				CLANG_WARN__DUPLICATE_METHOD_MATCH = YES;
				CODE_SIGN_IDENTITY = "iPhone Developer";
				COPY_PHASE_STRIP = NO;
				DEBUG_INFORMATION_FORMAT = dwarf;
				ENABLE_STRICT_OBJC_MSGSEND = YES;
				ENABLE_TESTABILITY = YES;
				GCC_C_LANGUAGE_STANDARD = gnu11;
				GCC_DYNAMIC_NO_PIC = NO;
				GCC_NO_COMMON_BLOCKS = YES;
				GCC_OPTIMIZATION_LEVEL = 0;
				GCC_PREPROCESSOR_DEFINITIONS = (
					"DEBUG=1",
					"$(inherited)",
				);
				GCC_WARN_64_TO_32_BIT_CONVERSION = YES;
				GCC_WARN_ABOUT_RETURN_TYPE = YES_ERROR;
				GCC_WARN_UNDECLARED_SELECTOR = YES;
				GCC_WARN_UNINITIALIZED_AUTOS = YES_AGGRESSIVE;
				GCC_WARN_UNUSED_FUNCTION = YES;
				GCC_WARN_UNUSED_VARIABLE = YES;
				IPHONEOS_DEPLOYMENT_TARGET = 11.2;
				MTL_ENABLE_DEBUG_INFO = YES;
				ONLY_ACTIVE_ARCH = YES;
				SDKROOT = iphoneos;
				SWIFT_ACTIVE_COMPILATION_CONDITIONS = DEBUG;
				SWIFT_OPTIMIZATION_LEVEL = "-Onone";
			};
			name = Debug;
		};
		28B0D85420BBEAE4003BAE81 /* Release */ = {
			isa = XCBuildConfiguration;
			buildSettings = {
				ALWAYS_SEARCH_USER_PATHS = NO;
				CLANG_ANALYZER_NONNULL = YES;
				CLANG_ANALYZER_NUMBER_OBJECT_CONVERSION = YES_AGGRESSIVE;
				CLANG_CXX_LANGUAGE_STANDARD = "gnu++14";
				CLANG_CXX_LIBRARY = "libc++";
				CLANG_ENABLE_MODULES = YES;
				CLANG_ENABLE_OBJC_ARC = YES;
				CLANG_WARN_BLOCK_CAPTURE_AUTORELEASING = YES;
				CLANG_WARN_BOOL_CONVERSION = YES;
				CLANG_WARN_COMMA = YES;
				CLANG_WARN_CONSTANT_CONVERSION = YES;
				CLANG_WARN_DIRECT_OBJC_ISA_USAGE = YES_ERROR;
				CLANG_WARN_DOCUMENTATION_COMMENTS = YES;
				CLANG_WARN_EMPTY_BODY = YES;
				CLANG_WARN_ENUM_CONVERSION = YES;
				CLANG_WARN_INFINITE_RECURSION = YES;
				CLANG_WARN_INT_CONVERSION = YES;
				CLANG_WARN_NON_LITERAL_NULL_CONVERSION = YES;
				CLANG_WARN_OBJC_LITERAL_CONVERSION = YES;
				CLANG_WARN_OBJC_ROOT_CLASS = YES_ERROR;
				CLANG_WARN_RANGE_LOOP_ANALYSIS = YES;
				CLANG_WARN_STRICT_PROTOTYPES = YES;
				CLANG_WARN_SUSPICIOUS_MOVE = YES;
				CLANG_WARN_UNGUARDED_AVAILABILITY = YES_AGGRESSIVE;
				CLANG_WARN_UNREACHABLE_CODE = YES;
				CLANG_WARN__DUPLICATE_METHOD_MATCH = YES;
				CODE_SIGN_IDENTITY = "iPhone Developer";
				COPY_PHASE_STRIP = NO;
				DEBUG_INFORMATION_FORMAT = "dwarf-with-dsym";
				ENABLE_NS_ASSERTIONS = NO;
				ENABLE_STRICT_OBJC_MSGSEND = YES;
				GCC_C_LANGUAGE_STANDARD = gnu11;
				GCC_NO_COMMON_BLOCKS = YES;
				GCC_WARN_64_TO_32_BIT_CONVERSION = YES;
				GCC_WARN_ABOUT_RETURN_TYPE = YES_ERROR;
				GCC_WARN_UNDECLARED_SELECTOR = YES;
				GCC_WARN_UNINITIALIZED_AUTOS = YES_AGGRESSIVE;
				GCC_WARN_UNUSED_FUNCTION = YES;
				GCC_WARN_UNUSED_VARIABLE = YES;
				IPHONEOS_DEPLOYMENT_TARGET = 11.2;
				MTL_ENABLE_DEBUG_INFO = NO;
				SDKROOT = iphoneos;
				SWIFT_OPTIMIZATION_LEVEL = "-Owholemodule";
				VALIDATE_PRODUCT = YES;
			};
			name = Release;
		};
		28B0D85620BBEAE4003BAE81 /* Debug */ = {
			isa = XCBuildConfiguration;
			buildSettings = {
				ASSETCATALOG_COMPILER_APPICON_NAME = AppIcon;
				CODE_SIGN_STYLE = Automatic;
				INFOPLIST_FILE = "$(SRCROOT)/Chalice/Info.plist";
				LD_RUNPATH_SEARCH_PATHS = "$(inherited) @executable_path/Frameworks";
				PRODUCT_BUNDLE_IDENTIFIER = ANDO.Chalice;
				PRODUCT_NAME = "$(TARGET_NAME)";
				SWIFT_VERSION = 4.0;
				TARGETED_DEVICE_FAMILY = "1,2";
			};
			name = Debug;
		};
		28B0D85720BBEAE4003BAE81 /* Release */ = {
			isa = XCBuildConfiguration;
			buildSettings = {
				ASSETCATALOG_COMPILER_APPICON_NAME = AppIcon;
				CODE_SIGN_STYLE = Automatic;
				INFOPLIST_FILE = "$(SRCROOT)/Chalice/Info.plist";
				LD_RUNPATH_SEARCH_PATHS = "$(inherited) @executable_path/Frameworks";
				PRODUCT_BUNDLE_IDENTIFIER = ANDO.Chalice;
				PRODUCT_NAME = "$(TARGET_NAME)";
				SWIFT_VERSION = 4.0;
				TARGETED_DEVICE_FAMILY = "1,2";
			};
			name = Release;
		};
/* End XCBuildConfiguration section */

/* Begin XCConfigurationList section */
		28B0D83B20BBEAE4003BAE81 /* Build configuration list for PBXProject "Chalice" */ = {
			isa = XCConfigurationList;
			buildConfigurations = (
				28B0D85320BBEAE4003BAE81 /* Debug */,
				28B0D85420BBEAE4003BAE81 /* Release */,
			);
			defaultConfigurationIsVisible = 0;
			defaultConfigurationName = Release;
		};
		28B0D85520BBEAE4003BAE81 /* Build configuration list for PBXNativeTarget "Chalice" */ = {
			isa = XCConfigurationList;
			buildConfigurations = (
				28B0D85620BBEAE4003BAE81 /* Debug */,
				28B0D85720BBEAE4003BAE81 /* Release */,
			);
			defaultConfigurationIsVisible = 0;
			defaultConfigurationName = Release;
		};
/* End XCConfigurationList section */
	};
	rootObject = 28B0D83820BBEAE4003BAE81 /* Project object */;
}
